
Microsoft Visual Studio Solution File, Format Version 12.00
# Visual Studio 14
VisualStudioVersion = 14.0.25420.1
MinimumVisualStudioVersion = 10.0.40219.1
Project("{FAE04EC0-301F-11D3-BF4B-00C04F79EFBC}") = "DataAccessLayer", "DataAcessLayer\DataAccessLayer.csproj", "{4491E37F-15F7-4FF9-B67B-95044DC1F742}"
EndProject
Project("{FAE04EC0-301F-11D3-BF4B-00C04F79EFBC}") = "ConsoleApplicationTester", "ConsoleApplicationTester\ConsoleApplicationTester.csproj", "{86C1DB3B-16C4-48BB-A4C4-34B9CC0B3D74}"
EndProject
Global
	GlobalSection(SolutionConfigurationPlatforms) = preSolution
		Debug|Any CPU = Debug|Any CPU
		Release|Any CPU = Release|Any CPU
	EndGlobalSection
	GlobalSection(ProjectConfigurationPlatforms) = postSolution
		{4491E37F-15F7-4FF9-B67B-95044DC1F742}.Debug|Any CPU.ActiveCfg = Debug|Any CPU
		{4491E37F-15F7-4FF9-B67B-95044DC1F742}.Debug|Any CPU.Build.0 = Debug|Any CPU
		{4491E37F-15F7-4FF9-B67B-95044DC1F742}.Release|Any CPU.ActiveCfg = Release|Any CPU
		{4491E37F-15F7-4FF9-B67B-95044DC1F742}.Release|Any CPU.Build.0 = Release|Any CPU
		{86C1DB3B-16C4-48BB-A4C4-34B9CC0B3D74}.Debug|Any CPU.ActiveCfg = Debug|Any CPU
		{86C1DB3B-16C4-48BB-A4C4-34B9CC0B3D74}.Debug|Any CPU.Build.0 = Debug|Any CPU
		{86C1DB3B-16C4-48BB-A4C4-34B9CC0B3D74}.Release|Any CPU.ActiveCfg = Release|Any CPU
		{86C1DB3B-16C4-48BB-A4C4-34B9CC0B3D74}.Release|Any CPU.Build.0 = Release|Any CPU
	EndGlobalSection
	GlobalSection(SolutionProperties) = preSolution
		HideSolutionNode = FALSE
	EndGlobalSection
EndGlobal
